// !$*UTF8*$!
{
	archiveVersion = 1;
	classes = {
	};
	objectVersion = 46;
	objects = {

/* Begin PBXBuildFile section */
		28B1DE2119D31588000EDB56 /* main.m in Sources */ = {isa = PBXBuildFile; fileRef = 28B1DE2019D31588000EDB56 /* main.m */; };
		28B1DE2419D31588000EDB56 /* AppDelegate.m in Sources */ = {isa = PBXBuildFile; fileRef = 28B1DE2319D31588000EDB56 /* AppDelegate.m */; };
		28B1DE2619D31588000EDB56 /* Images.xcassets in Resources */ = {isa = PBXBuildFile; fileRef = 28B1DE2519D31588000EDB56 /* Images.xcassets */; };
		28B1DE2919D31588000EDB56 /* MainMenu.xib in Resources */ = {isa = PBXBuildFile; fileRef = 28B1DE2719D31588000EDB56 /* MainMenu.xib */; };
		28B1DE3519D31588000EDB56 /* EvilServerTests.m in Sources */ = {isa = PBXBuildFile; fileRef = 28B1DE3419D31588000EDB56 /* EvilServerTests.m */; };
		28B1DE4019D315EC000EDB56 /* WebPageWindow.m in Sources */ = {isa = PBXBuildFile; fileRef = 28B1DE3F19D315EC000EDB56 /* WebPageWindow.m */; };
		28B1DE4419D31855000EDB56 /* WebKit.framework in Frameworks */ = {isa = PBXBuildFile; fileRef = 28B1DE4319D31855000EDB56 /* WebKit.framework */; };
		28B1DE4619D31BEB000EDB56 /* WebPageWindow.xib in Resources */ = {isa = PBXBuildFile; fileRef = 28B1DE4519D31BEB000EDB56 /* WebPageWindow.xib */; };
/* End PBXBuildFile section */

/* Begin PBXContainerItemProxy section */
		28B1DE2F19D31588000EDB56 /* PBXContainerItemProxy */ = {
			isa = PBXContainerItemProxy;
			containerPortal = 28B1DE1319D31588000EDB56 /* Project object */;
			proxyType = 1;
			remoteGlobalIDString = 28B1DE1A19D31588000EDB56;
			remoteInfo = EvilServer;
		};
/* End PBXContainerItemProxy section */

/* Begin PBXFileReference section */
		28B1DE1B19D31588000EDB56 /* EvilServer.app */ = {isa = PBXFileReference; explicitFileType = wrapper.application; includeInIndex = 0; path = EvilServer.app; sourceTree = BUILT_PRODUCTS_DIR; };
		28B1DE1F19D31588000EDB56 /* Info.plist */ = {isa = PBXFileReference; lastKnownFileType = text.plist.xml; path = Info.plist; sourceTree = "<group>"; };
		28B1DE2019D31588000EDB56 /* main.m */ = {isa = PBXFileReference; lastKnownFileType = sourcecode.c.objc; path = main.m; sourceTree = "<group>"; };
		28B1DE2219D31588000EDB56 /* AppDelegate.h */ = {isa = PBXFileReference; lastKnownFileType = sourcecode.c.h; path = AppDelegate.h; sourceTree = "<group>"; };
		28B1DE2319D31588000EDB56 /* AppDelegate.m */ = {isa = PBXFileReference; lastKnownFileType = sourcecode.c.objc; path = AppDelegate.m; sourceTree = "<group>"; };
		28B1DE2519D31588000EDB56 /* Images.xcassets */ = {isa = PBXFileReference; lastKnownFileType = folder.assetcatalog; path = Images.xcassets; sourceTree = "<group>"; };
		28B1DE2819D31588000EDB56 /* Base */ = {isa = PBXFileReference; lastKnownFileType = file.xib; name = Base; path = Base.lproj/MainMenu.xib; sourceTree = "<group>"; };
		28B1DE2E19D31588000EDB56 /* EvilServerTests.xctest */ = {isa = PBXFileReference; explicitFileType = wrapper.cfbundle; includeInIndex = 0; path = EvilServerTests.xctest; sourceTree = BUILT_PRODUCTS_DIR; };
		28B1DE3319D31588000EDB56 /* Info.plist */ = {isa = PBXFileReference; lastKnownFileType = text.plist.xml; path = Info.plist; sourceTree = "<group>"; };
		28B1DE3419D31588000EDB56 /* EvilServerTests.m */ = {isa = PBXFileReference; lastKnownFileType = sourcecode.c.objc; path = EvilServerTests.m; sourceTree = "<group>"; };
		28B1DE3E19D315EC000EDB56 /* WebPageWindow.h */ = {isa = PBXFileReference; fileEncoding = 4; lastKnownFileType = sourcecode.c.h; path = WebPageWindow.h; sourceTree = "<group>"; };
		28B1DE3F19D315EC000EDB56 /* WebPageWindow.m */ = {isa = PBXFileReference; fileEncoding = 4; lastKnownFileType = sourcecode.c.objc; path = WebPageWindow.m; sourceTree = "<group>"; };
		28B1DE4319D31855000EDB56 /* WebKit.framework */ = {isa = PBXFileReference; lastKnownFileType = wrapper.framework; name = WebKit.framework; path = ../../../../../../../System/Library/Frameworks/WebKit.framework; sourceTree = "<group>"; };
		28B1DE4519D31BEB000EDB56 /* WebPageWindow.xib */ = {isa = PBXFileReference; fileEncoding = 4; lastKnownFileType = file.xib; name = WebPageWindow.xib; path = Base.lproj/WebPageWindow.xib; sourceTree = "<group>"; };
/* End PBXFileReference section */

/* Begin PBXFrameworksBuildPhase section */
		28B1DE1819D31588000EDB56 /* Frameworks */ = {
			isa = PBXFrameworksBuildPhase;
			buildActionMask = 2147483647;
			files = (
				28B1DE4419D31855000EDB56 /* WebKit.framework in Frameworks */,
			);
			runOnlyForDeploymentPostprocessing = 0;
		};
		28B1DE2B19D31588000EDB56 /* Frameworks */ = {
			isa = PBXFrameworksBuildPhase;
			buildActionMask = 2147483647;
			files = (
			);
			runOnlyForDeploymentPostprocessing = 0;
		};
/* End PBXFrameworksBuildPhase section */

/* Begin PBXGroup section */
		28B1DE1219D31588000EDB56 = {
			isa = PBXGroup;
			children = (
				28B1DE1D19D31588000EDB56 /* EvilServer */,
				28B1DE3119D31588000EDB56 /* EvilServerTests */,
				28B1DE1C19D31588000EDB56 /* Products */,
			);
			sourceTree = "<group>";
		};
		28B1DE1C19D31588000EDB56 /* Products */ = {
			isa = PBXGroup;
			children = (
				28B1DE1B19D31588000EDB56 /* EvilServer.app */,
				28B1DE2E19D31588000EDB56 /* EvilServerTests.xctest */,
			);
			name = Products;
			sourceTree = "<group>";
		};
		28B1DE1D19D31588000EDB56 /* EvilServer */ = {
			isa = PBXGroup;
			children = (
				28B1DE4519D31BEB000EDB56 /* WebPageWindow.xib */,
				28B1DE2219D31588000EDB56 /* AppDelegate.h */,
				28B1DE2319D31588000EDB56 /* AppDelegate.m */,
				28B1DE3E19D315EC000EDB56 /* WebPageWindow.h */,
				28B1DE3F19D315EC000EDB56 /* WebPageWindow.m */,
				28B1DE2519D31588000EDB56 /* Images.xcassets */,
				28B1DE2719D31588000EDB56 /* MainMenu.xib */,
				28B1DE1E19D31588000EDB56 /* Supporting Files */,
			);
			path = EvilServer;
			sourceTree = "<group>";
		};
		28B1DE1E19D31588000EDB56 /* Supporting Files */ = {
			isa = PBXGroup;
			children = (
				28B1DE4319D31855000EDB56 /* WebKit.framework */,
				28B1DE1F19D31588000EDB56 /* Info.plist */,
				28B1DE2019D31588000EDB56 /* main.m */,
			);
			name = "Supporting Files";
			sourceTree = "<group>";
		};
		28B1DE3119D31588000EDB56 /* EvilServerTests */ = {
			isa = PBXGroup;
			children = (
				28B1DE3419D31588000EDB56 /* EvilServerTests.m */,
				28B1DE3219D31588000EDB56 /* Supporting Files */,
			);
			path = EvilServerTests;
			sourceTree = "<group>";
		};
		28B1DE3219D31588000EDB56 /* Supporting Files */ = {
			isa = PBXGroup;
			children = (
				28B1DE3319D31588000EDB56 /* Info.plist */,
			);
			name = "Supporting Files";
			sourceTree = "<group>";
		};
/* End PBXGroup section */

/* Begin PBXNativeTarget section */
		28B1DE1A19D31588000EDB56 /* EvilServer */ = {
			isa = PBXNativeTarget;
			buildConfigurationList = 28B1DE3819D31588000EDB56 /* Build configuration list for PBXNativeTarget "EvilServer" */;
			buildPhases = (
				28B1DE1719D31588000EDB56 /* Sources */,
				28B1DE1819D31588000EDB56 /* Frameworks */,
				28B1DE1919D31588000EDB56 /* Resources */,
			);
			buildRules = (
			);
			dependencies = (
			);
			name = EvilServer;
			productName = EvilServer;
			productReference = 28B1DE1B19D31588000EDB56 /* EvilServer.app */;
			productType = "com.apple.product-type.application";
		};
		28B1DE2D19D31588000EDB56 /* EvilServerTests */ = {
			isa = PBXNativeTarget;
			buildConfigurationList = 28B1DE3B19D31588000EDB56 /* Build configuration list for PBXNativeTarget "EvilServerTests" */;
			buildPhases = (
				28B1DE2A19D31588000EDB56 /* Sources */,
				28B1DE2B19D31588000EDB56 /* Frameworks */,
				28B1DE2C19D31588000EDB56 /* Resources */,
			);
			buildRules = (
			);
			dependencies = (
				28B1DE3019D31588000EDB56 /* PBXTargetDependency */,
			);
			name = EvilServerTests;
			productName = EvilServerTests;
			productReference = 28B1DE2E19D31588000EDB56 /* EvilServerTests.xctest */;
			productType = "com.apple.product-type.bundle.unit-test";
		};
/* End PBXNativeTarget section */

/* Begin PBXProject section */
		28B1DE1319D31588000EDB56 /* Project object */ = {
			isa = PBXProject;
			attributes = {
				LastUpgradeCheck = 0600;
				ORGANIZATIONNAME = "David Chisnall";
				TargetAttributes = {
					28B1DE1A19D31588000EDB56 = {
						CreatedOnToolsVersion = 6.0.1;
					};
					28B1DE2D19D31588000EDB56 = {
						CreatedOnToolsVersion = 6.0.1;
						TestTargetID = 28B1DE1A19D31588000EDB56;
					};
				};
			};
			buildConfigurationList = 28B1DE1619D31588000EDB56 /* Build configuration list for PBXProject "EvilServer" */;
			compatibilityVersion = "Xcode 3.2";
			developmentRegion = English;
			hasScannedForEncodings = 0;
			knownRegions = (
				en,
				Base,
			);
			mainGroup = 28B1DE1219D31588000EDB56;
			productRefGroup = 28B1DE1C19D31588000EDB56 /* Products */;
			projectDirPath = "";
			projectRoot = "";
			targets = (
				28B1DE1A19D31588000EDB56 /* EvilServer */,
				28B1DE2D19D31588000EDB56 /* EvilServerTests */,
			);
		};
/* End PBXProject section */

/* Begin PBXResourcesBuildPhase section */
		28B1DE1919D31588000EDB56 /* Resources */ = {
			isa = PBXResourcesBuildPhase;
			buildActionMask = 2147483647;
			files = (
				28B1DE4619D31BEB000EDB56 /* WebPageWindow.xib in Resources */,
				28B1DE2619D31588000EDB56 /* Images.xcassets in Resources */,
				28B1DE2919D31588000EDB56 /* MainMenu.xib in Resources */,
			);
			runOnlyForDeploymentPostprocessing = 0;
		};
		28B1DE2C19D31588000EDB56 /* Resources */ = {
			isa = PBXResourcesBuildPhase;
			buildActionMask = 2147483647;
			files = (
			);
			runOnlyForDeploymentPostprocessing = 0;
		};
/* End PBXResourcesBuildPhase section */

/* Begin PBXSourcesBuildPhase section */
		28B1DE1719D31588000EDB56 /* Sources */ = {
			isa = PBXSourcesBuildPhase;
			buildActionMask = 2147483647;
			files = (
				28B1DE4019D315EC000EDB56 /* WebPageWindow.m in Sources */,
				28B1DE2419D31588000EDB56 /* AppDelegate.m in Sources */,
				28B1DE2119D31588000EDB56 /* main.m in Sources */,
			);
			runOnlyForDeploymentPostprocessing = 0;
		};
		28B1DE2A19D31588000EDB56 /* Sources */ = {
			isa = PBXSourcesBuildPhase;
			buildActionMask = 2147483647;
			files = (
				28B1DE3519D31588000EDB56 /* EvilServerTests.m in Sources */,
			);
			runOnlyForDeploymentPostprocessing = 0;
		};
/* End PBXSourcesBuildPhase section */

/* Begin PBXTargetDependency section */
		28B1DE3019D31588000EDB56 /* PBXTargetDependency */ = {
			isa = PBXTargetDependency;
			target = 28B1DE1A19D31588000EDB56 /* EvilServer */;
			targetProxy = 28B1DE2F19D31588000EDB56 /* PBXContainerItemProxy */;
		};
/* End PBXTargetDependency section */

/* Begin PBXVariantGroup section */
		28B1DE2719D31588000EDB56 /* MainMenu.xib */ = {
			isa = PBXVariantGroup;
			children = (
				28B1DE2819D31588000EDB56 /* Base */,
			);
			name = MainMenu.xib;
			sourceTree = "<group>";
		};
/* End PBXVariantGroup section */

/* Begin XCBuildConfiguration section */
		28B1DE3619D31588000EDB56 /* Debug */ = {
			isa = XCBuildConfiguration;
			buildSettings = {
				ALWAYS_SEARCH_USER_PATHS = NO;
				CLANG_CXX_LANGUAGE_STANDARD = "gnu++0x";
				CLANG_CXX_LIBRARY = "libc++";
				CLANG_ENABLE_MODULES = YES;
				CLANG_ENABLE_OBJC_ARC = YES;
				CLANG_WARN_BOOL_CONVERSION = YES;
				CLANG_WARN_CONSTANT_CONVERSION = YES;
				CLANG_WARN_DIRECT_OBJC_ISA_USAGE = YES_ERROR;
				CLANG_WARN_EMPTY_BODY = YES;
				CLANG_WARN_ENUM_CONVERSION = YES;
				CLANG_WARN_INT_CONVERSION = YES;
				CLANG_WARN_OBJC_ROOT_CLASS = YES_ERROR;
				CLANG_WARN_UNREACHABLE_CODE = YES;
				CLANG_WARN__DUPLICATE_METHOD_MATCH = YES;
				CODE_SIGN_IDENTITY = "-";
				COPY_PHASE_STRIP = NO;
				ENABLE_STRICT_OBJC_MSGSEND = YES;
				GCC_C_LANGUAGE_STANDARD = gnu99;
				GCC_DYNAMIC_NO_PIC = NO;
				GCC_OPTIMIZATION_LEVEL = 0;
				GCC_PREPROCESSOR_DEFINITIONS = (
					"DEBUG=1",
					"$(inherited)",
				);
				GCC_SYMBOLS_PRIVATE_EXTERN = NO;
				GCC_WARN_64_TO_32_BIT_CONVERSION = YES;
				GCC_WARN_ABOUT_RETURN_TYPE = YES_ERROR;
				GCC_WARN_UNDECLARED_SELECTOR = YES;
				GCC_WARN_UNINITIALIZED_AUTOS = YES_AGGRESSIVE;
				GCC_WARN_UNUSED_FUNCTION = YES;
				GCC_WARN_UNUSED_VARIABLE = YES;
				MACOSX_DEPLOYMENT_TARGET = 10.9;
				MTL_ENABLE_DEBUG_INFO = YES;
				ONLY_ACTIVE_ARCH = YES;
				SDKROOT = macosx;
			};
			name = Debug;
		};
		28B1DE3719D31588000EDB56 /* Release */ = {
			isa = XCBuildConfiguration;
			buildSettings = {
				ALWAYS_SEARCH_USER_PATHS = NO;
				CLANG_CXX_LANGUAGE_STANDARD = "gnu++0x";
				CLANG_CXX_LIBRARY = "libc++";
				CLANG_ENABLE_MODULES = YES;
				CLANG_ENABLE_OBJC_ARC = YES;
				CLANG_WARN_BOOL_CONVERSION = YES;
				CLANG_WARN_CONSTANT_CONVERSION = YES;
				CLANG_WARN_DIRECT_OBJC_ISA_USAGE = YES_ERROR;
				CLANG_WARN_EMPTY_BODY = YES;
				CLANG_WARN_ENUM_CONVERSION = YES;
				CLANG_WARN_INT_CONVERSION = YES;
				CLANG_WARN_OBJC_ROOT_CLASS = YES_ERROR;
				CLANG_WARN_UNREACHABLE_CODE = YES;
				CLANG_WARN__DUPLICATE_METHOD_MATCH = YES;
				CODE_SIGN_IDENTITY = "-";
				COPY_PHASE_STRIP = YES;
				DEBUG_INFORMATION_FORMAT = "dwarf-with-dsym";
				ENABLE_NS_ASSERTIONS = NO;
				ENABLE_STRICT_OBJC_MSGSEND = YES;
				GCC_C_LANGUAGE_STANDARD = gnu99;
				GCC_WARN_64_TO_32_BIT_CONVERSION = YES;
				GCC_WARN_ABOUT_RETURN_TYPE = YES_ERROR;
				GCC_WARN_UNDECLARED_SELECTOR = YES;
				GCC_WARN_UNINITIALIZED_AUTOS = YES_AGGRESSIVE;
				GCC_WARN_UNUSED_FUNCTION = YES;
				GCC_WARN_UNUSED_VARIABLE = YES;
				MACOSX_DEPLOYMENT_TARGET = 10.9;
				MTL_ENABLE_DEBUG_INFO = NO;
				SDKROOT = macosx;
			};
			name = Release;
		};
		28B1DE3919D31588000EDB56 /* Debug */ = {
			isa = XCBuildConfiguration;
			buildSettings = {
				ASSETCATALOG_COMPILER_APPICON_NAME = AppIcon;
				COMBINE_HIDPI_IMAGES = YES;
				INFOPLIST_FILE = EvilServer/Info.plist;
				LD_RUNPATH_SEARCH_PATHS = "$(inherited) @executable_path/../Frameworks";
				PRODUCT_NAME = "$(TARGET_NAME)";
			};
			name = Debug;
		};
		28B1DE3A19D31588000EDB56 /* Release */ = {
			isa = XCBuildConfiguration;
			buildSettings = {
				ASSETCATALOG_COMPILER_APPICON_NAME = AppIcon;
				COMBINE_HIDPI_IMAGES = YES;
				INFOPLIST_FILE = EvilServer/Info.plist;
				LD_RUNPATH_SEARCH_PATHS = "$(inherited) @executable_path/../Frameworks";
				PRODUCT_NAME = "$(TARGET_NAME)";
			};
			name = Release;
		};
		28B1DE3C19D31588000EDB56 /* Debug */ = {
			isa = XCBuildConfiguration;
			buildSettings = {
				BUNDLE_LOADER = "$(TEST_HOST)";
				COMBINE_HIDPI_IMAGES = YES;
				FRAMEWORK_SEARCH_PATHS = (
					"$(DEVELOPER_FRAMEWORKS_DIR)",
					"$(inherited)",
				);
				GCC_PREPROCESSOR_DEFINITIONS = (
					"DEBUG=1",
					"$(inherited)",
				);
				INFOPLIST_FILE = EvilServerTests/Info.plist;
				LD_RUNPATH_SEARCH_PATHS = "$(inherited) @executable_path/../Frameworks @loader_path/../Frameworks";
				PRODUCT_NAME = "$(TARGET_NAME)";
				TEST_HOST = "$(BUILT_PRODUCTS_DIR)/EvilServer.app/Contents/MacOS/EvilServer";
			};
			name = Debug;
		};
		28B1DE3D19D31588000EDB56 /* Release */ = {
			isa = XCBuildConfiguration;
			buildSettings = {
				BUNDLE_LOADER = "$(TEST_HOST)";
				COMBINE_HIDPI_IMAGES = YES;
				FRAMEWORK_SEARCH_PATHS = (
					"$(DEVELOPER_FRAMEWORKS_DIR)",
					"$(inherited)",
				);
				INFOPLIST_FILE = EvilServerTests/Info.plist;
				LD_RUNPATH_SEARCH_PATHS = "$(inherited) @executable_path/../Frameworks @loader_path/../Frameworks";
				PRODUCT_NAME = "$(TARGET_NAME)";
				TEST_HOST = "$(BUILT_PRODUCTS_DIR)/EvilServer.app/Contents/MacOS/EvilServer";
			};
			name = Release;
		};
/* End XCBuildConfiguration section */

/* Begin XCConfigurationList section */
		28B1DE1619D31588000EDB56 /* Build configuration list for PBXProject "EvilServer" */ = {
			isa = XCConfigurationList;
			buildConfigurations = (
				28B1DE3619D31588000EDB56 /* Debug */,
				28B1DE3719D31588000EDB56 /* Release */,
			);
			defaultConfigurationIsVisible = 0;
			defaultConfigurationName = Release;
		};
		28B1DE3819D31588000EDB56 /* Build configuration list for PBXNativeTarget "EvilServer" */ = {
			isa = XCConfigurationList;
			buildConfigurations = (
				28B1DE3919D31588000EDB56 /* Debug */,
				28B1DE3A19D31588000EDB56 /* Release */,
			);
			defaultConfigurationIsVisible = 0;
		};
		28B1DE3B19D31588000EDB56 /* Build configuration list for PBXNativeTarget "EvilServerTests" */ = {
			isa = XCConfigurationList;
			buildConfigurations = (
				28B1DE3C19D31588000EDB56 /* Debug */,
				28B1DE3D19D31588000EDB56 /* Release */,
			);
			defaultConfigurationIsVisible = 0;
		};
/* End XCConfigurationList section */
	};
	rootObject = 28B1DE1319D31588000EDB56 /* Project object */;
}
